
Microsoft Visual Studio Solution File, Format Version 12.00
# Visual Studio 15
VisualStudioVersion = 15.0.26127.0
MinimumVisualStudioVersion = 10.0.40219.1
Project("{FAE04EC0-301F-11D3-BF4B-00C04F79EFBC}") = "AgileAPI", "AgileAPI\AgileAPI.csproj", "{A15631AB-64C3-432B-A601-E8E70F9D6FE7}"
EndProject
Project("{FAE04EC0-301F-11D3-BF4B-00C04F79EFBC}") = "AgileAPI.Test", "AgileAPI.Test\AgileAPI.Test.csproj", "{E8975DFB-21B8-42C7-95B8-0D5DB9E9037F}"
EndProject
Global
	GlobalSection(SolutionConfigurationPlatforms) = preSolution
		Debug|Any CPU = Debug|Any CPU
		Debug|x64 = Debug|x64
		Debug|x86 = Debug|x86
		Release|Any CPU = Release|Any CPU
		Release|x64 = Release|x64
		Release|x86 = Release|x86
	EndGlobalSection
	GlobalSection(ProjectConfigurationPlatforms) = postSolution
		{A15631AB-64C3-432B-A601-E8E70F9D6FE7}.Debug|Any CPU.ActiveCfg = Debug|Any CPU
		{A15631AB-64C3-432B-A601-E8E70F9D6FE7}.Debug|Any CPU.Build.0 = Debug|Any CPU
		{A15631AB-64C3-432B-A601-E8E70F9D6FE7}.Debug|x64.ActiveCfg = Debug|x64
		{A15631AB-64C3-432B-A601-E8E70F9D6FE7}.Debug|x64.Build.0 = Debug|x64
		{A15631AB-64C3-432B-A601-E8E70F9D6FE7}.Debug|x86.ActiveCfg = Debug|x86
		{A15631AB-64C3-432B-A601-E8E70F9D6FE7}.Debug|x86.Build.0 = Debug|x86
		{A15631AB-64C3-432B-A601-E8E70F9D6FE7}.Release|Any CPU.ActiveCfg = Release|Any CPU
		{A15631AB-64C3-432B-A601-E8E70F9D6FE7}.Release|Any CPU.Build.0 = Release|Any CPU
		{A15631AB-64C3-432B-A601-E8E70F9D6FE7}.Release|x64.ActiveCfg = Release|x64
		{A15631AB-64C3-432B-A601-E8E70F9D6FE7}.Release|x64.Build.0 = Release|x64
		{A15631AB-64C3-432B-A601-E8E70F9D6FE7}.Release|x86.ActiveCfg = Release|x86
		{A15631AB-64C3-432B-A601-E8E70F9D6FE7}.Release|x86.Build.0 = Release|x86
		{E8975DFB-21B8-42C7-95B8-0D5DB9E9037F}.Debug|Any CPU.ActiveCfg = Debug|Any CPU
		{E8975DFB-21B8-42C7-95B8-0D5DB9E9037F}.Debug|Any CPU.Build.0 = Debug|Any CPU
		{E8975DFB-21B8-42C7-95B8-0D5DB9E9037F}.Debug|x64.ActiveCfg = Debug|x64
		{E8975DFB-21B8-42C7-95B8-0D5DB9E9037F}.Debug|x64.Build.0 = Debug|x64
		{E8975DFB-21B8-42C7-95B8-0D5DB9E9037F}.Debug|x86.ActiveCfg = Debug|x86
		{E8975DFB-21B8-42C7-95B8-0D5DB9E9037F}.Debug|x86.Build.0 = Debug|x86
		{E8975DFB-21B8-42C7-95B8-0D5DB9E9037F}.Release|Any CPU.ActiveCfg = Release|Any CPU
		{E8975DFB-21B8-42C7-95B8-0D5DB9E9037F}.Release|Any CPU.Build.0 = Release|Any CPU
		{E8975DFB-21B8-42C7-95B8-0D5DB9E9037F}.Release|x64.ActiveCfg = Release|x64
		{E8975DFB-21B8-42C7-95B8-0D5DB9E9037F}.Release|x64.Build.0 = Release|x64
		{E8975DFB-21B8-42C7-95B8-0D5DB9E9037F}.Release|x86.ActiveCfg = Release|x86
		{E8975DFB-21B8-42C7-95B8-0D5DB9E9037F}.Release|x86.Build.0 = Release|x86
	EndGlobalSection
	GlobalSection(SolutionProperties) = preSolution
		HideSolutionNode = FALSE
	EndGlobalSection
EndGlobal
